
Microsoft Visual Studio Solution File, Format Version 12.00
# Visual Studio Version 16
VisualStudioVersion = 16.0.32002.261
MinimumVisualStudioVersion = 10.0.40219.1
Project("{FAE04EC0-301F-11D3-BF4B-00C04F79EFBC}") = "ConsoleApp15", "ConsoleApp15\ConsoleApp15.csproj", "{3E363105-A335-4469-B118-33A6568BE1B7}"
EndProject
Global
	GlobalSection(SolutionConfigurationPlatforms) = preSolution
		Debug|Any CPU = Debug|Any CPU
		Release|Any CPU = Release|Any CPU
	EndGlobalSection
	GlobalSection(ProjectConfigurationPlatforms) = postSolution
		{3E363105-A335-4469-B118-33A6568BE1B7}.Debug|Any CPU.ActiveCfg = Debug|Any CPU
		{3E363105-A335-4469-B118-33A6568BE1B7}.Debug|Any CPU.Build.0 = Debug|Any CPU
		{3E363105-A335-4469-B118-33A6568BE1B7}.Release|Any CPU.ActiveCfg = Release|Any CPU
		{3E363105-A335-4469-B118-33A6568BE1B7}.Release|Any CPU.Build.0 = Release|Any CPU
	EndGlobalSection
	GlobalSection(SolutionProperties) = preSolution
		HideSolutionNode = FALSE
	EndGlobalSection
	GlobalSection(ExtensibilityGlobals) = postSolution
		SolutionGuid = {9259193F-2D21-4384-B245-C515370190AF}
	EndGlobalSection
EndGlobal
