
Microsoft Visual Studio Solution File, Format Version 12.00
# Visual Studio Version 16
VisualStudioVersion = 16.0.32002.261
MinimumVisualStudioVersion = 10.0.40219.1
Project("{FAE04EC0-301F-11D3-BF4B-00C04F79EFBC}") = "WebApplication5", "WebApplication5\WebApplication5.csproj", "{EEAD5AAA-73BE-4397-A686-AA0EE3D2C835}"
EndProject
Global
	GlobalSection(SolutionConfigurationPlatforms) = preSolution
		Debug|Any CPU = Debug|Any CPU
		Release|Any CPU = Release|Any CPU
	EndGlobalSection
	GlobalSection(ProjectConfigurationPlatforms) = postSolution
		{EEAD5AAA-73BE-4397-A686-AA0EE3D2C835}.Debug|Any CPU.ActiveCfg = Debug|Any CPU
		{EEAD5AAA-73BE-4397-A686-AA0EE3D2C835}.Debug|Any CPU.Build.0 = Debug|Any CPU
		{EEAD5AAA-73BE-4397-A686-AA0EE3D2C835}.Release|Any CPU.ActiveCfg = Release|Any CPU
		{EEAD5AAA-73BE-4397-A686-AA0EE3D2C835}.Release|Any CPU.Build.0 = Release|Any CPU
	EndGlobalSection
	GlobalSection(SolutionProperties) = preSolution
		HideSolutionNode = FALSE
	EndGlobalSection
	GlobalSection(ExtensibilityGlobals) = postSolution
		SolutionGuid = {B211990C-7E6F-4A57-AB06-1DE65E4CF2A0}
	EndGlobalSection
EndGlobal
