
Microsoft Visual Studio Solution File, Format Version 12.00
# Visual Studio Version 16
VisualStudioVersion = 16.0.32002.261
MinimumVisualStudioVersion = 10.0.40219.1
Project("{FAE04EC0-301F-11D3-BF4B-00C04F79EFBC}") = "first project1", "first project1\first project1.csproj", "{BB945F86-8530-478E-B29C-68599309C118}"
EndProject
Project("{9A19103F-16F7-4668-BE54-9A1E7A4F7556}") = "first project", "..\first project\first project\first project.csproj", "{2F7E0676-3F2A-4841-96AD-F80AD970B791}"
EndProject
Global
	GlobalSection(SolutionConfigurationPlatforms) = preSolution
		Debug|Any CPU = Debug|Any CPU
		Release|Any CPU = Release|Any CPU
	EndGlobalSection
	GlobalSection(ProjectConfigurationPlatforms) = postSolution
		{BB945F86-8530-478E-B29C-68599309C118}.Debug|Any CPU.ActiveCfg = Debug|Any CPU
		{BB945F86-8530-478E-B29C-68599309C118}.Debug|Any CPU.Build.0 = Debug|Any CPU
		{BB945F86-8530-478E-B29C-68599309C118}.Release|Any CPU.ActiveCfg = Release|Any CPU
		{BB945F86-8530-478E-B29C-68599309C118}.Release|Any CPU.Build.0 = Release|Any CPU
		{2F7E0676-3F2A-4841-96AD-F80AD970B791}.Debug|Any CPU.ActiveCfg = Debug|Any CPU
		{2F7E0676-3F2A-4841-96AD-F80AD970B791}.Debug|Any CPU.Build.0 = Debug|Any CPU
		{2F7E0676-3F2A-4841-96AD-F80AD970B791}.Release|Any CPU.ActiveCfg = Release|Any CPU
		{2F7E0676-3F2A-4841-96AD-F80AD970B791}.Release|Any CPU.Build.0 = Release|Any CPU
	EndGlobalSection
	GlobalSection(SolutionProperties) = preSolution
		HideSolutionNode = FALSE
	EndGlobalSection
	GlobalSection(ExtensibilityGlobals) = postSolution
		SolutionGuid = {A7C57153-AD17-4AE1-B3F3-E188AB9ADB9F}
	EndGlobalSection
EndGlobal
