
Microsoft Visual Studio Solution File, Format Version 12.00
# Visual Studio Version 16
VisualStudioVersion = 16.0.32002.261
MinimumVisualStudioVersion = 10.0.40219.1
Project("{FAE04EC0-301F-11D3-BF4B-00C04F79EFBC}") = "WebApplication1", "WebApplication1\WebApplication1.csproj", "{3BA0B3A5-6705-4829-A3F7-1259BE54CDA8}"
EndProject
Global
	GlobalSection(SolutionConfigurationPlatforms) = preSolution
		Debug|Any CPU = Debug|Any CPU
		Release|Any CPU = Release|Any CPU
	EndGlobalSection
	GlobalSection(ProjectConfigurationPlatforms) = postSolution
		{3BA0B3A5-6705-4829-A3F7-1259BE54CDA8}.Debug|Any CPU.ActiveCfg = Debug|Any CPU
		{3BA0B3A5-6705-4829-A3F7-1259BE54CDA8}.Debug|Any CPU.Build.0 = Debug|Any CPU
		{3BA0B3A5-6705-4829-A3F7-1259BE54CDA8}.Release|Any CPU.ActiveCfg = Release|Any CPU
		{3BA0B3A5-6705-4829-A3F7-1259BE54CDA8}.Release|Any CPU.Build.0 = Release|Any CPU
	EndGlobalSection
	GlobalSection(SolutionProperties) = preSolution
		HideSolutionNode = FALSE
	EndGlobalSection
	GlobalSection(ExtensibilityGlobals) = postSolution
		SolutionGuid = {7F7EC215-A8C3-46C3-AE63-B159A3841DC7}
	EndGlobalSection
EndGlobal
