
Microsoft Visual Studio Solution File, Format Version 12.00
# Visual Studio Version 16
VisualStudioVersion = 16.0.32002.261
MinimumVisualStudioVersion = 10.0.40219.1
Project("{FAE04EC0-301F-11D3-BF4B-00C04F79EFBC}") = "ArrCollection", "ArrCollection\ArrCollection.csproj", "{480F6E52-DCAC-4B86-9FAD-5166AE6F1E68}"
EndProject
Global
	GlobalSection(SolutionConfigurationPlatforms) = preSolution
		Debug|Any CPU = Debug|Any CPU
		Release|Any CPU = Release|Any CPU
	EndGlobalSection
	GlobalSection(ProjectConfigurationPlatforms) = postSolution
		{480F6E52-DCAC-4B86-9FAD-5166AE6F1E68}.Debug|Any CPU.ActiveCfg = Debug|Any CPU
		{480F6E52-DCAC-4B86-9FAD-5166AE6F1E68}.Debug|Any CPU.Build.0 = Debug|Any CPU
		{480F6E52-DCAC-4B86-9FAD-5166AE6F1E68}.Release|Any CPU.ActiveCfg = Release|Any CPU
		{480F6E52-DCAC-4B86-9FAD-5166AE6F1E68}.Release|Any CPU.Build.0 = Release|Any CPU
	EndGlobalSection
	GlobalSection(SolutionProperties) = preSolution
		HideSolutionNode = FALSE
	EndGlobalSection
	GlobalSection(ExtensibilityGlobals) = postSolution
		SolutionGuid = {164D367B-2280-4D61-B0D9-BFE24394E1EC}
	EndGlobalSection
EndGlobal
