
Microsoft Visual Studio Solution File, Format Version 12.00
# Visual Studio Version 16
VisualStudioVersion = 16.0.32002.261
MinimumVisualStudioVersion = 10.0.40219.1
Project("{FAE04EC0-301F-11D3-BF4B-00C04F79EFBC}") = "project", "project\project.csproj", "{D024BDD1-3A30-47F0-AE64-5BE71FD51089}"
EndProject
Global
	GlobalSection(SolutionConfigurationPlatforms) = preSolution
		Debug|Any CPU = Debug|Any CPU
		Release|Any CPU = Release|Any CPU
	EndGlobalSection
	GlobalSection(ProjectConfigurationPlatforms) = postSolution
		{D024BDD1-3A30-47F0-AE64-5BE71FD51089}.Debug|Any CPU.ActiveCfg = Debug|Any CPU
		{D024BDD1-3A30-47F0-AE64-5BE71FD51089}.Debug|Any CPU.Build.0 = Debug|Any CPU
		{D024BDD1-3A30-47F0-AE64-5BE71FD51089}.Release|Any CPU.ActiveCfg = Release|Any CPU
		{D024BDD1-3A30-47F0-AE64-5BE71FD51089}.Release|Any CPU.Build.0 = Release|Any CPU
	EndGlobalSection
	GlobalSection(SolutionProperties) = preSolution
		HideSolutionNode = FALSE
	EndGlobalSection
	GlobalSection(ExtensibilityGlobals) = postSolution
		SolutionGuid = {9716074F-0F12-42D5-AA67-788BA61C4972}
	EndGlobalSection
EndGlobal
